// !$*UTF8*$!
{
	archiveVersion = 1;
	classes = {
	};
	objectVersion = 77;
	objects = {

/* Begin PBXContainerItemProxy section */
		F60664B02E26F2EF00D35A8F /* PBXContainerItemProxy */ = {
			isa = PBXContainerItemProxy;
			containerPortal = F606649A2E26F2EE00D35A8F /* Project object */;
			proxyType = 1;
			remoteGlobalIDString = F60664A12E26F2EE00D35A8F;
			remoteInfo = Journal.y;
		};
		F60664BA2E26F2EF00D35A8F /* PBXContainerItemProxy */ = {
			isa = PBXContainerItemProxy;
			containerPortal = F606649A2E26F2EE00D35A8F /* Project object */;
			proxyType = 1;
			remoteGlobalIDString = F60664A12E26F2EE00D35A8F;
			remoteInfo = Journal.y;
		};
/* End PBXContainerItemProxy section */

/* Begin PBXFileReference section */
		F60664A22E26F2EE00D35A8F /* Journal.y.app */ = {isa = PBXFileReference; explicitFileType = wrapper.application; includeInIndex = 0; path = Journal.y.app; sourceTree = BUILT_PRODUCTS_DIR; };
		F60664AF2E26F2EF00D35A8F /* Journal.yTests.xctest */ = {isa = PBXFileReference; explicitFileType = wrapper.cfbundle; includeInIndex = 0; path = Journal.yTests.xctest; sourceTree = BUILT_PRODUCTS_DIR; };
		F60664B92E26F2EF00D35A8F /* Journal.yUITests.xctest */ = {isa = PBXFileReference; explicitFileType = wrapper.cfbundle; includeInIndex = 0; path = Journal.yUITests.xctest; sourceTree = BUILT_PRODUCTS_DIR; };
/* End PBXFileReference section */

/* Begin PBXFileSystemSynchronizedRootGroup section */
		F60664A42E26F2EE00D35A8F /* Journal.ly */ = {
			isa = PBXFileSystemSynchronizedRootGroup;
			path = Journal.ly;
			sourceTree = "<group>";
		};
		F60664B22E26F2EF00D35A8F /* Journal.yTests */ = {
			isa = PBXFileSystemSynchronizedRootGroup;
			path = Journal.yTests;
			sourceTree = "<group>";
		};
		F60664BC2E26F2EF00D35A8F /* Journal.yUITests */ = {
			isa = PBXFileSystemSynchronizedRootGroup;
			path = Journal.yUITests;
			sourceTree = "<group>";
		};
/* End PBXFileSystemSynchronizedRootGroup section */

/* Begin PBXFrameworksBuildPhase section */
		F606649F2E26F2EE00D35A8F /* Frameworks */ = {
			isa = PBXFrameworksBuildPhase;
			buildActionMask = 2147483647;
			files = (
			);
			runOnlyForDeploymentPostprocessing = 0;
		};
		F60664AC2E26F2EF00D35A8F /* Frameworks */ = {
			isa = PBXFrameworksBuildPhase;
			buildActionMask = 2147483647;
			files = (
			);
			runOnlyForDeploymentPostprocessing = 0;
		};
		F60664B62E26F2EF00D35A8F /* Frameworks */ = {
			isa = PBXFrameworksBuildPhase;
			buildActionMask = 2147483647;
			files = (
			);
			runOnlyForDeploymentPostprocessing = 0;
		};
/* End PBXFrameworksBuildPhase section */

/* Begin PBXGroup section */
		F60664992E26F2EE00D35A8F = {
			isa = PBXGroup;
			children = (
				F60664A42E26F2EE00D35A8F /* Journal.ly */,
				F60664B22E26F2EF00D35A8F /* Journal.yTests */,
				F60664BC2E26F2EF00D35A8F /* Journal.yUITests */,
				F60664A32E26F2EE00D35A8F /* Products */,
			);
			sourceTree = "<group>";
		};
		F60664A32E26F2EE00D35A8F /* Products */ = {
			isa = PBXGroup;
			children = (
				F60664A22E26F2EE00D35A8F /* Journal.y.app */,
				F60664AF2E26F2EF00D35A8F /* Journal.yTests.xctest */,
				F60664B92E26F2EF00D35A8F /* Journal.yUITests.xctest */,
			);
			name = Products;
			sourceTree = "<group>";
		};
/* End PBXGroup section */

/* Begin PBXNativeTarget section */
		F60664A12E26F2EE00D35A8F /* Journal.y */ = {
			isa = PBXNativeTarget;
			buildConfigurationList = F60664C32E26F2EF00D35A8F /* Build configuration list for PBXNativeTarget "Journal.y" */;
			buildPhases = (
				F606649E2E26F2EE00D35A8F /* Sources */,
				F606649F2E26F2EE00D35A8F /* Frameworks */,
				F60664A02E26F2EE00D35A8F /* Resources */,
			);
			buildRules = (
			);
			dependencies = (
			);
			fileSystemSynchronizedGroups = (
				F60664A42E26F2EE00D35A8F /* Journal.ly */,
			);
			name = Journal.y;
			packageProductDependencies = (
			);
			productName = Journal.y;
			productReference = F60664A22E26F2EE00D35A8F /* Journal.y.app */;
			productType = "com.apple.product-type.application";
		};
		F60664AE2E26F2EF00D35A8F /* Journal.yTests */ = {
			isa = PBXNativeTarget;
			buildConfigurationList = F60664C62E26F2EF00D35A8F /* Build configuration list for PBXNativeTarget "Journal.yTests" */;
			buildPhases = (
				F60664AB2E26F2EF00D35A8F /* Sources */,
				F60664AC2E26F2EF00D35A8F /* Frameworks */,
				F60664AD2E26F2EF00D35A8F /* Resources */,
			);
			buildRules = (
			);
			dependencies = (
				F60664B12E26F2EF00D35A8F /* PBXTargetDependency */,
			);
			fileSystemSynchronizedGroups = (
				F60664B22E26F2EF00D35A8F /* Journal.yTests */,
			);
			name = Journal.yTests;
			packageProductDependencies = (
			);
			productName = Journal.yTests;
			productReference = F60664AF2E26F2EF00D35A8F /* Journal.yTests.xctest */;
			productType = "com.apple.product-type.bundle.unit-test";
		};
		F60664B82E26F2EF00D35A8F /* Journal.yUITests */ = {
			isa = PBXNativeTarget;
			buildConfigurationList = F60664C92E26F2EF00D35A8F /* Build configuration list for PBXNativeTarget "Journal.yUITests" */;
			buildPhases = (
				F60664B52E26F2EF00D35A8F /* Sources */,
				F60664B62E26F2EF00D35A8F /* Frameworks */,
				F60664B72E26F2EF00D35A8F /* Resources */,
			);
			buildRules = (
			);
			dependencies = (
				F60664BB2E26F2EF00D35A8F /* PBXTargetDependency */,
			);
			fileSystemSynchronizedGroups = (
				F60664BC2E26F2EF00D35A8F /* Journal.yUITests */,
			);
			name = Journal.yUITests;
			packageProductDependencies = (
			);
			productName = Journal.yUITests;
			productReference = F60664B92E26F2EF00D35A8F /* Journal.yUITests.xctest */;
			productType = "com.apple.product-type.bundle.ui-testing";
		};
/* End PBXNativeTarget section */

/* Begin PBXProject section */
		F606649A2E26F2EE00D35A8F /* Project object */ = {
			isa = PBXProject;
			attributes = {
				BuildIndependentTargetsInParallel = 1;
				LastSwiftUpdateCheck = 1640;
				LastUpgradeCheck = 1640;
				TargetAttributes = {
					F60664A12E26F2EE00D35A8F = {
						CreatedOnToolsVersion = 16.4;
					};
					F60664AE2E26F2EF00D35A8F = {
						CreatedOnToolsVersion = 16.4;
						TestTargetID = F60664A12E26F2EE00D35A8F;
					};
					F60664B82E26F2EF00D35A8F = {
						CreatedOnToolsVersion = 16.4;
						TestTargetID = F60664A12E26F2EE00D35A8F;
					};
				};
			};
			buildConfigurationList = F606649D2E26F2EE00D35A8F /* Build configuration list for PBXProject "Journal.y" */;
			developmentRegion = en;
			hasScannedForEncodings = 0;
			knownRegions = (
				en,
				Base,
			);
			mainGroup = F60664992E26F2EE00D35A8F;
			minimizedProjectReferenceProxies = 1;
			preferredProjectObjectVersion = 77;
			productRefGroup = F60664A32E26F2EE00D35A8F /* Products */;
			projectDirPath = "";
			projectRoot = "";
			targets = (
				F60664A12E26F2EE00D35A8F /* Journal.y */,
				F60664AE2E26F2EF00D35A8F /* Journal.yTests */,
				F60664B82E26F2EF00D35A8F /* Journal.yUITests */,
			);
		};
/* End PBXProject section */

/* Begin PBXResourcesBuildPhase section */
		F60664A02E26F2EE00D35A8F /* Resources */ = {
			isa = PBXResourcesBuildPhase;
			buildActionMask = 2147483647;
			files = (
			);
			runOnlyForDeploymentPostprocessing = 0;
		};
		F60664AD2E26F2EF00D35A8F /* Resources */ = {
			isa = PBXResourcesBuildPhase;
			buildActionMask = 2147483647;
			files = (
			);
			runOnlyForDeploymentPostprocessing = 0;
		};
		F60664B72E26F2EF00D35A8F /* Resources */ = {
			isa = PBXResourcesBuildPhase;
			buildActionMask = 2147483647;
			files = (
			);
			runOnlyForDeploymentPostprocessing = 0;
		};
/* End PBXResourcesBuildPhase section */

/* Begin PBXSourcesBuildPhase section */
		F606649E2E26F2EE00D35A8F /* Sources */ = {
			isa = PBXSourcesBuildPhase;
			buildActionMask = 2147483647;
			files = (
			);
			runOnlyForDeploymentPostprocessing = 0;
		};
		F60664AB2E26F2EF00D35A8F /* Sources */ = {
			isa = PBXSourcesBuildPhase;
			buildActionMask = 2147483647;
			files = (
			);
			runOnlyForDeploymentPostprocessing = 0;
		};
		F60664B52E26F2EF00D35A8F /* Sources */ = {
			isa = PBXSourcesBuildPhase;
			buildActionMask = 2147483647;
			files = (
			);
			runOnlyForDeploymentPostprocessing = 0;
		};
/* End PBXSourcesBuildPhase section */

/* Begin PBXTargetDependency section */
		F60664B12E26F2EF00D35A8F /* PBXTargetDependency */ = {
			isa = PBXTargetDependency;
			target = F60664A12E26F2EE00D35A8F /* Journal.y */;
			targetProxy = F60664B02E26F2EF00D35A8F /* PBXContainerItemProxy */;
		};
		F60664BB2E26F2EF00D35A8F /* PBXTargetDependency */ = {
			isa = PBXTargetDependency;
			target = F60664A12E26F2EE00D35A8F /* Journal.y */;
			targetProxy = F60664BA2E26F2EF00D35A8F /* PBXContainerItemProxy */;
		};
/* End PBXTargetDependency section */

/* Begin XCBuildConfiguration section */
		F60664C12E26F2EF00D35A8F /* Debug */ = {
			isa = XCBuildConfiguration;
			buildSettings = {
				ALWAYS_SEARCH_USER_PATHS = NO;
				ASSETCATALOG_COMPILER_GENERATE_SWIFT_ASSET_SYMBOL_EXTENSIONS = YES;
				CLANG_ANALYZER_NONNULL = YES;
				CLANG_ANALYZER_NUMBER_OBJECT_CONVERSION = YES_AGGRESSIVE;
				CLANG_CXX_LANGUAGE_STANDARD = "gnu++20";
				CLANG_ENABLE_MODULES = YES;
				CLANG_ENABLE_OBJC_ARC = YES;
				CLANG_ENABLE_OBJC_WEAK = YES;
				CLANG_WARN_BLOCK_CAPTURE_AUTORELEASING = YES;
				CLANG_WARN_BOOL_CONVERSION = YES;
				CLANG_WARN_COMMA = YES;
				CLANG_WARN_CONSTANT_CONVERSION = YES;
				CLANG_WARN_DEPRECATED_OBJC_IMPLEMENTATIONS = YES;
				CLANG_WARN_DIRECT_OBJC_ISA_USAGE = YES_ERROR;
				CLANG_WARN_DOCUMENTATION_COMMENTS = YES;
				CLANG_WARN_EMPTY_BODY = YES;
				CLANG_WARN_ENUM_CONVERSION = YES;
				CLANG_WARN_INFINITE_RECURSION = YES;
				CLANG_WARN_INT_CONVERSION = YES;
				CLANG_WARN_NON_LITERAL_NULL_CONVERSION = YES;
				CLANG_WARN_OBJC_IMPLICIT_RETAIN_SELF = YES;
				CLANG_WARN_OBJC_LITERAL_CONVERSION = YES;
				CLANG_WARN_OBJC_ROOT_CLASS = YES_ERROR;
				CLANG_WARN_QUOTED_INCLUDE_IN_FRAMEWORK_HEADER = YES;
				CLANG_WARN_RANGE_LOOP_ANALYSIS = YES;
				CLANG_WARN_STRICT_PROTOTYPES = YES;
				CLANG_WARN_SUSPICIOUS_MOVE = YES;
				CLANG_WARN_UNGUARDED_AVAILABILITY = YES_AGGRESSIVE;
				CLANG_WARN_UNREACHABLE_CODE = YES;
				CLANG_WARN__DUPLICATE_METHOD_MATCH = YES;
				COPY_PHASE_STRIP = NO;
				DEBUG_INFORMATION_FORMAT = dwarf;
				DEVELOPMENT_TEAM = 5W8KK3CYXP;
				ENABLE_STRICT_OBJC_MSGSEND = YES;
				ENABLE_TESTABILITY = YES;
				ENABLE_USER_SCRIPT_SANDBOXING = YES;
				GCC_C_LANGUAGE_STANDARD = gnu17;
				GCC_DYNAMIC_NO_PIC = NO;
				GCC_NO_COMMON_BLOCKS = YES;
				GCC_OPTIMIZATION_LEVEL = 0;
				GCC_PREPROCESSOR_DEFINITIONS = (
					"DEBUG=1",
					"$(inherited)",
				);
				GCC_WARN_64_TO_32_BIT_CONVERSION = YES;
				GCC_WARN_ABOUT_RETURN_TYPE = YES_ERROR;
				GCC_WARN_UNDECLARED_SELECTOR = YES;
				GCC_WARN_UNINITIALIZED_AUTOS = YES_AGGRESSIVE;
				GCC_WARN_UNUSED_FUNCTION = YES;
				GCC_WARN_UNUSED_VARIABLE = YES;
				IPHONEOS_DEPLOYMENT_TARGET = 18.5;
				LOCALIZATION_PREFERS_STRING_CATALOGS = YES;
				MTL_ENABLE_DEBUG_INFO = INCLUDE_SOURCE;
				MTL_FAST_MATH = YES;
				ONLY_ACTIVE_ARCH = YES;
				SDKROOT = iphoneos;
				SWIFT_ACTIVE_COMPILATION_CONDITIONS = "DEBUG $(inherited)";
				SWIFT_OPTIMIZATION_LEVEL = "-Onone";
			};
			name = Debug;
		};
		F60664C22E26F2EF00D35A8F /* Release */ = {
			isa = XCBuildConfiguration;
			buildSettings = {
				ALWAYS_SEARCH_USER_PATHS = NO;
				ASSETCATALOG_COMPILER_GENERATE_SWIFT_ASSET_SYMBOL_EXTENSIONS = YES;
				CLANG_ANALYZER_NONNULL = YES;
				CLANG_ANALYZER_NUMBER_OBJECT_CONVERSION = YES_AGGRESSIVE;
				CLANG_CXX_LANGUAGE_STANDARD = "gnu++20";
				CLANG_ENABLE_MODULES = YES;
				CLANG_ENABLE_OBJC_ARC = YES;
				CLANG_ENABLE_OBJC_WEAK = YES;
				CLANG_WARN_BLOCK_CAPTURE_AUTORELEASING = YES;
				CLANG_WARN_BOOL_CONVERSION = YES;
				CLANG_WARN_COMMA = YES;
				CLANG_WARN_CONSTANT_CONVERSION = YES;
				CLANG_WARN_DEPRECATED_OBJC_IMPLEMENTATIONS = YES;
				CLANG_WARN_DIRECT_OBJC_ISA_USAGE = YES_ERROR;
				CLANG_WARN_DOCUMENTATION_COMMENTS = YES;
				CLANG_WARN_EMPTY_BODY = YES;
				CLANG_WARN_ENUM_CONVERSION = YES;
				CLANG_WARN_INFINITE_RECURSION = YES;
				CLANG_WARN_INT_CONVERSION = YES;
				CLANG_WARN_NON_LITERAL_NULL_CONVERSION = YES;
				CLANG_WARN_OBJC_IMPLICIT_RETAIN_SELF = YES;
				CLANG_WARN_OBJC_LITERAL_CONVERSION = YES;
				CLANG_WARN_OBJC_ROOT_CLASS = YES_ERROR;
				CLANG_WARN_QUOTED_INCLUDE_IN_FRAMEWORK_HEADER = YES;
				CLANG_WARN_RANGE_LOOP_ANALYSIS = YES;
				CLANG_WARN_STRICT_PROTOTYPES = YES;
				CLANG_WARN_SUSPICIOUS_MOVE = YES;
				CLANG_WARN_UNGUARDED_AVAILABILITY = YES_AGGRESSIVE;
				CLANG_WARN_UNREACHABLE_CODE = YES;
				CLANG_WARN__DUPLICATE_METHOD_MATCH = YES;
				COPY_PHASE_STRIP = NO;
				DEBUG_INFORMATION_FORMAT = "dwarf-with-dsym";
				DEVELOPMENT_TEAM = 5W8KK3CYXP;
				ENABLE_NS_ASSERTIONS = NO;
				ENABLE_STRICT_OBJC_MSGSEND = YES;
				ENABLE_USER_SCRIPT_SANDBOXING = YES;
				GCC_C_LANGUAGE_STANDARD = gnu17;
				GCC_NO_COMMON_BLOCKS = YES;
				GCC_WARN_64_TO_32_BIT_CONVERSION = YES;
				GCC_WARN_ABOUT_RETURN_TYPE = YES_ERROR;
				GCC_WARN_UNDECLARED_SELECTOR = YES;
				GCC_WARN_UNINITIALIZED_AUTOS = YES_AGGRESSIVE;
				GCC_WARN_UNUSED_FUNCTION = YES;
				GCC_WARN_UNUSED_VARIABLE = YES;
				IPHONEOS_DEPLOYMENT_TARGET = 18.5;
				LOCALIZATION_PREFERS_STRING_CATALOGS = YES;
				MTL_ENABLE_DEBUG_INFO = NO;
				MTL_FAST_MATH = YES;
				SDKROOT = iphoneos;
				SWIFT_COMPILATION_MODE = wholemodule;
				VALIDATE_PRODUCT = YES;
			};
			name = Release;
		};
		F60664C42E26F2EF00D35A8F /* Debug */ = {
			isa = XCBuildConfiguration;
			buildSettings = {
				ASSETCATALOG_COMPILER_APPICON_NAME = AppIcon;
				ASSETCATALOG_COMPILER_GLOBAL_ACCENT_COLOR_NAME = AccentColor;
				CODE_SIGN_STYLE = Automatic;
				CURRENT_PROJECT_VERSION = 1;
				DEVELOPMENT_TEAM = 5W8KK3CYXP;
				ENABLE_PREVIEWS = YES;
				GENERATE_INFOPLIST_FILE = YES;
				INFOPLIST_KEY_UIApplicationSceneManifest_Generation = YES;
				INFOPLIST_KEY_UIApplicationSupportsIndirectInputEvents = YES;
				INFOPLIST_KEY_UILaunchScreen_Generation = YES;
				INFOPLIST_KEY_UISupportedInterfaceOrientations_iPad = "UIInterfaceOrientationPortrait UIInterfaceOrientationPortraitUpsideDown UIInterfaceOrientationLandscapeLeft UIInterfaceOrientationLandscapeRight";
				INFOPLIST_KEY_UISupportedInterfaceOrientations_iPhone = "UIInterfaceOrientationPortrait UIInterfaceOrientationLandscapeLeft UIInterfaceOrientationLandscapeRight";
				LD_RUNPATH_SEARCH_PATHS = (
					"$(inherited)",
					"@executable_path/Frameworks",
				);
				MARKETING_VERSION = 1.0;
				PRODUCT_BUNDLE_IDENTIFIER = "com.sakibkhan.Journal-y";
				PRODUCT_NAME = "$(TARGET_NAME)";
				SWIFT_EMIT_LOC_STRINGS = YES;
				SWIFT_VERSION = 5.0;
				TARGETED_DEVICE_FAMILY = "1,2";
			};
			name = Debug;
		};
		F60664C52E26F2EF00D35A8F /* Release */ = {
			isa = XCBuildConfiguration;
			buildSettings = {
				ASSETCATALOG_COMPILER_APPICON_NAME = AppIcon;
				ASSETCATALOG_COMPILER_GLOBAL_ACCENT_COLOR_NAME = AccentColor;
				CODE_SIGN_STYLE = Automatic;
				CURRENT_PROJECT_VERSION = 1;
				DEVELOPMENT_TEAM = 5W8KK3CYXP;
				ENABLE_PREVIEWS = YES;
				GENERATE_INFOPLIST_FILE = YES;
				INFOPLIST_KEY_UIApplicationSceneManifest_Generation = YES;
				INFOPLIST_KEY_UIApplicationSupportsIndirectInputEvents = YES;
				INFOPLIST_KEY_UILaunchScreen_Generation = YES;
				INFOPLIST_KEY_UISupportedInterfaceOrientations_iPad = "UIInterfaceOrientationPortrait UIInterfaceOrientationPortraitUpsideDown UIInterfaceOrientationLandscapeLeft UIInterfaceOrientationLandscapeRight";
				INFOPLIST_KEY_UISupportedInterfaceOrientations_iPhone = "UIInterfaceOrientationPortrait UIInterfaceOrientationLandscapeLeft UIInterfaceOrientationLandscapeRight";
				LD_RUNPATH_SEARCH_PATHS = (
					"$(inherited)",
					"@executable_path/Frameworks",
				);
				MARKETING_VERSION = 1.0;
				PRODUCT_BUNDLE_IDENTIFIER = "com.sakibkhan.Journal-y";
				PRODUCT_NAME = "$(TARGET_NAME)";
				SWIFT_EMIT_LOC_STRINGS = YES;
				SWIFT_VERSION = 5.0;
				TARGETED_DEVICE_FAMILY = "1,2";
			};
			name = Release;
		};
		F60664C72E26F2EF00D35A8F /* Debug */ = {
			isa = XCBuildConfiguration;
			buildSettings = {
				BUNDLE_LOADER = "$(TEST_HOST)";
				CODE_SIGN_STYLE = Automatic;
				CURRENT_PROJECT_VERSION = 1;
				DEVELOPMENT_TEAM = 5W8KK3CYXP;
				GENERATE_INFOPLIST_FILE = YES;
				IPHONEOS_DEPLOYMENT_TARGET = 18.5;
				MARKETING_VERSION = 1.0;
				PRODUCT_BUNDLE_IDENTIFIER = "com.sakibkhan.Journal-yTests";
				PRODUCT_NAME = "$(TARGET_NAME)";
				SWIFT_EMIT_LOC_STRINGS = NO;
				SWIFT_VERSION = 5.0;
				TARGETED_DEVICE_FAMILY = "1,2";
				TEST_HOST = "$(BUILT_PRODUCTS_DIR)/Journal.y.app/$(BUNDLE_EXECUTABLE_FOLDER_PATH)/Journal.y";
			};
			name = Debug;
		};
		F60664C82E26F2EF00D35A8F /* Release */ = {
			isa = XCBuildConfiguration;
			buildSettings = {
				BUNDLE_LOADER = "$(TEST_HOST)";
				CODE_SIGN_STYLE = Automatic;
				CURRENT_PROJECT_VERSION = 1;
				DEVELOPMENT_TEAM = 5W8KK3CYXP;
				GENERATE_INFOPLIST_FILE = YES;
				IPHONEOS_DEPLOYMENT_TARGET = 18.5;
				MARKETING_VERSION = 1.0;
				PRODUCT_BUNDLE_IDENTIFIER = "com.sakibkhan.Journal-yTests";
				PRODUCT_NAME = "$(TARGET_NAME)";
				SWIFT_EMIT_LOC_STRINGS = NO;
				SWIFT_VERSION = 5.0;
				TARGETED_DEVICE_FAMILY = "1,2";
				TEST_HOST = "$(BUILT_PRODUCTS_DIR)/Journal.y.app/$(BUNDLE_EXECUTABLE_FOLDER_PATH)/Journal.y";
			};
			name = Release;
		};
		F60664CA2E26F2EF00D35A8F /* Debug */ = {
			isa = XCBuildConfiguration;
			buildSettings = {
				CODE_SIGN_STYLE = Automatic;
				CURRENT_PROJECT_VERSION = 1;
				DEVELOPMENT_TEAM = 5W8KK3CYXP;
				GENERATE_INFOPLIST_FILE = YES;
				MARKETING_VERSION = 1.0;
				PRODUCT_BUNDLE_IDENTIFIER = "com.sakibkhan.Journal-yUITests";
				PRODUCT_NAME = "$(TARGET_NAME)";
				SWIFT_EMIT_LOC_STRINGS = NO;
				SWIFT_VERSION = 5.0;
				TARGETED_DEVICE_FAMILY = "1,2";
				TEST_TARGET_NAME = Journal.y;
			};
			name = Debug;
		};
		F60664CB2E26F2EF00D35A8F /* Release */ = {
			isa = XCBuildConfiguration;
			buildSettings = {
				CODE_SIGN_STYLE = Automatic;
				CURRENT_PROJECT_VERSION = 1;
				DEVELOPMENT_TEAM = 5W8KK3CYXP;
				GENERATE_INFOPLIST_FILE = YES;
				MARKETING_VERSION = 1.0;
				PRODUCT_BUNDLE_IDENTIFIER = "com.sakibkhan.Journal-yUITests";
				PRODUCT_NAME = "$(TARGET_NAME)";
				SWIFT_EMIT_LOC_STRINGS = NO;
				SWIFT_VERSION = 5.0;
				TARGETED_DEVICE_FAMILY = "1,2";
				TEST_TARGET_NAME = Journal.y;
			};
			name = Release;
		};
/* End XCBuildConfiguration section */

/* Begin XCConfigurationList section */
		F606649D2E26F2EE00D35A8F /* Build configuration list for PBXProject "Journal.y" */ = {
			isa = XCConfigurationList;
			buildConfigurations = (
				F60664C12E26F2EF00D35A8F /* Debug */,
				F60664C22E26F2EF00D35A8F /* Release */,
			);
			defaultConfigurationIsVisible = 0;
			defaultConfigurationName = Release;
		};
		F60664C32E26F2EF00D35A8F /* Build configuration list for PBXNativeTarget "Journal.y" */ = {
			isa = XCConfigurationList;
			buildConfigurations = (
				F60664C42E26F2EF00D35A8F /* Debug */,
				F60664C52E26F2EF00D35A8F /* Release */,
			);
			defaultConfigurationIsVisible = 0;
			defaultConfigurationName = Release;
		};
		F60664C62E26F2EF00D35A8F /* Build configuration list for PBXNativeTarget "Journal.yTests" */ = {
			isa = XCConfigurationList;
			buildConfigurations = (
				F60664C72E26F2EF00D35A8F /* Debug */,
				F60664C82E26F2EF00D35A8F /* Release */,
			);
			defaultConfigurationIsVisible = 0;
			defaultConfigurationName = Release;
		};
		F60664C92E26F2EF00D35A8F /* Build configuration list for PBXNativeTarget "Journal.yUITests" */ = {
			isa = XCConfigurationList;
			buildConfigurations = (
				F60664CA2E26F2EF00D35A8F /* Debug */,
				F60664CB2E26F2EF00D35A8F /* Release */,
			);
			defaultConfigurationIsVisible = 0;
			defaultConfigurationName = Release;
		};
/* End XCConfigurationList section */
	};
	rootObject = F606649A2E26F2EE00D35A8F /* Project object */;
}
